{
  "name": "test-import",
  "version": "1.0.0",
  "lockfileVersion": 2,
  "requires": true,
  "packages": {
    "": {
      "name": "test-import",
      "version": "1.0.0",
      "license": "ISC",
      "dependencies": {
        "@kris-netlogix/test-package": "1.0.5"
      }
    },
    "node_modules/@kris-netlogix/test-package": {
      "version": "1.0.5",
      "resolved": "https://npm.pkg.github.com/download/@kris-netlogix/test-package/1.0.5/c1bdf51ff3a03548cff3de1a8b801ba8539926c9",
      "integrity": "sha512-djVmNDocoEbGUd+WG717dktK7xRudY6UWS8//DGD0LA8B49DU73dKHQoZ7PCqrLRiRKJK5G6W3De55rw0IoITQ==",
      "license": "ISC"
    }
  },
  "dependencies": {
    "@kris-netlogix/test-package": {
      "version": "1.0.5",
      "resolved": "https://npm.pkg.github.com/download/@kris-netlogix/test-package/1.0.5/c1bdf51ff3a03548cff3de1a8b801ba8539926c9",
      "integrity": "sha512-djVmNDocoEbGUd+WG717dktK7xRudY6UWS8//DGD0LA8B49DU73dKHQoZ7PCqrLRiRKJK5G6W3De55rw0IoITQ=="
    }
  }
}
